
Microsoft Visual Studio Solution File, Format Version 12.00
# Visual Studio Version 16
VisualStudioVersion = 25.0.1705.2
MinimumVisualStudioVersion = 10.0.40219.1
Project("{FAE04EC0-301F-11D3-BF4B-00C04F79EFBC}") = "bsbo-0302-22", "bsbo-0302-22\bsbo-0302-22.csproj", "{B99F5153-3FA4-4EC8-AB8A-6EB57EB54702}"
EndProject
Global
	GlobalSection(SolutionConfigurationPlatforms) = preSolution
		Debug|Any CPU = Debug|Any CPU
		Release|Any CPU = Release|Any CPU
	EndGlobalSection
	GlobalSection(ProjectConfigurationPlatforms) = postSolution
		{B99F5153-3FA4-4EC8-AB8A-6EB57EB54702}.Debug|Any CPU.ActiveCfg = Debug|Any CPU
		{B99F5153-3FA4-4EC8-AB8A-6EB57EB54702}.Debug|Any CPU.Build.0 = Debug|Any CPU
		{B99F5153-3FA4-4EC8-AB8A-6EB57EB54702}.Release|Any CPU.ActiveCfg = Release|Any CPU
		{B99F5153-3FA4-4EC8-AB8A-6EB57EB54702}.Release|Any CPU.Build.0 = Release|Any CPU
	EndGlobalSection
	GlobalSection(SolutionProperties) = preSolution
		HideSolutionNode = FALSE
	EndGlobalSection
	GlobalSection(ExtensibilityGlobals) = postSolution
		SolutionGuid = {901D7B29-0FF5-43B6-894E-B04927A4BFA1}
	EndGlobalSection
EndGlobal
